
Microsoft Visual Studio Solution File, Format Version 12.00
# Visual Studio Version 17
VisualStudioVersion = 17.0.31903.59
MinimumVisualStudioVersion = 10.0.40219.1
Project("{9A19103F-16F7-4668-BE54-9A1E7A4F7556}") = "SCLEditor", "SCLEditor\SCLEditor.csproj", "{E8608251-C4EC-4DC8-88DC-71F289CEF856}"
EndProject
Project("{9A19103F-16F7-4668-BE54-9A1E7A4F7556}") = "SCLEditor.Blazor", "SCLEditor.Blazor\SCLEditor.Blazor.csproj", "{01B72968-EDC1-4281-9FC2-61BAE703F4B0}"
EndProject
Project("{9A19103F-16F7-4668-BE54-9A1E7A4F7556}") = "SCLEditor.Tests", "SCLEditor.Tests\SCLEditor.Tests.csproj", "{336D7284-40BA-434E-BE4F-EF964FB00C8E}"
EndProject
Project("{9A19103F-16F7-4668-BE54-9A1E7A4F7556}") = "SCLEditor.BlazorServer", "SCLEditor.BlazorServer\SCLEditor.BlazorServer.csproj", "{2235D00E-240E-43A1-8EAA-1858ED17551D}"
EndProject
Project("{9A19103F-16F7-4668-BE54-9A1E7A4F7556}") = "SCLEditor.Util", "SCLEditor.Util\SCLEditor.Util.csproj", "{9AAD9A9B-3013-4E34-915E-785C4A73A1EA}"
EndProject
Global
	GlobalSection(SolutionConfigurationPlatforms) = preSolution
		Debug|Any CPU = Debug|Any CPU
		Release|Any CPU = Release|Any CPU
	EndGlobalSection
	GlobalSection(ProjectConfigurationPlatforms) = postSolution
		{E8608251-C4EC-4DC8-88DC-71F289CEF856}.Debug|Any CPU.ActiveCfg = Debug|Any CPU
		{E8608251-C4EC-4DC8-88DC-71F289CEF856}.Debug|Any CPU.Build.0 = Debug|Any CPU
		{E8608251-C4EC-4DC8-88DC-71F289CEF856}.Release|Any CPU.ActiveCfg = Release|Any CPU
		{E8608251-C4EC-4DC8-88DC-71F289CEF856}.Release|Any CPU.Build.0 = Release|Any CPU
		{01B72968-EDC1-4281-9FC2-61BAE703F4B0}.Debug|Any CPU.ActiveCfg = Debug|Any CPU
		{01B72968-EDC1-4281-9FC2-61BAE703F4B0}.Debug|Any CPU.Build.0 = Debug|Any CPU
		{01B72968-EDC1-4281-9FC2-61BAE703F4B0}.Release|Any CPU.ActiveCfg = Release|Any CPU
		{01B72968-EDC1-4281-9FC2-61BAE703F4B0}.Release|Any CPU.Build.0 = Release|Any CPU
		{336D7284-40BA-434E-BE4F-EF964FB00C8E}.Debug|Any CPU.ActiveCfg = Debug|Any CPU
		{336D7284-40BA-434E-BE4F-EF964FB00C8E}.Debug|Any CPU.Build.0 = Debug|Any CPU
		{336D7284-40BA-434E-BE4F-EF964FB00C8E}.Release|Any CPU.ActiveCfg = Release|Any CPU
		{336D7284-40BA-434E-BE4F-EF964FB00C8E}.Release|Any CPU.Build.0 = Release|Any CPU
		{2235D00E-240E-43A1-8EAA-1858ED17551D}.Debug|Any CPU.ActiveCfg = Debug|Any CPU
		{2235D00E-240E-43A1-8EAA-1858ED17551D}.Debug|Any CPU.Build.0 = Debug|Any CPU
		{2235D00E-240E-43A1-8EAA-1858ED17551D}.Release|Any CPU.ActiveCfg = Release|Any CPU
		{2235D00E-240E-43A1-8EAA-1858ED17551D}.Release|Any CPU.Build.0 = Release|Any CPU
		{9AAD9A9B-3013-4E34-915E-785C4A73A1EA}.Debug|Any CPU.ActiveCfg = Debug|Any CPU
		{9AAD9A9B-3013-4E34-915E-785C4A73A1EA}.Debug|Any CPU.Build.0 = Debug|Any CPU
		{9AAD9A9B-3013-4E34-915E-785C4A73A1EA}.Release|Any CPU.ActiveCfg = Release|Any CPU
		{9AAD9A9B-3013-4E34-915E-785C4A73A1EA}.Release|Any CPU.Build.0 = Release|Any CPU
	EndGlobalSection
	GlobalSection(SolutionProperties) = preSolution
		HideSolutionNode = FALSE
	EndGlobalSection
	GlobalSection(ExtensibilityGlobals) = postSolution
		SolutionGuid = {02474CD9-75A3-4B20-BD18-E54E3F5119EA}
	EndGlobalSection
EndGlobal
